// !$*UTF8*$!
{
	archiveVersion = 1;
	classes = {
	};
	objectVersion = 77;
	objects = {

/* Begin PBXBuildFile section */
		98FC979C2E801F5B002B756F /* Launch Screen.storyboard in Resources */ = {isa = PBXBuildFile; fileRef = 98FC979B2E801F5B002B756F /* Launch Screen.storyboard */; };
/* End PBXBuildFile section */

/* Begin PBXContainerItemProxy section */
		98FC973D2E801AB4002B756F /* PBXContainerItemProxy */ = {
			isa = PBXContainerItemProxy;
			containerPortal = 98FC97212E801AB2002B756F /* Project object */;
			proxyType = 1;
			remoteGlobalIDString = 98FC97282E801AB2002B756F;
			remoteInfo = centerSpot;
		};
		98FC97472E801AB4002B756F /* PBXContainerItemProxy */ = {
			isa = PBXContainerItemProxy;
			containerPortal = 98FC97212E801AB2002B756F /* Project object */;
			proxyType = 1;
			remoteGlobalIDString = 98FC97282E801AB2002B756F;
			remoteInfo = centerSpot;
		};
/* End PBXContainerItemProxy section */

/* Begin PBXFileReference section */
		98FC97292E801AB2002B756F /* centerSpot.app */ = {isa = PBXFileReference; explicitFileType = wrapper.application; includeInIndex = 0; path = centerSpot.app; sourceTree = BUILT_PRODUCTS_DIR; };
		98FC973C2E801AB4002B756F /* centerSpotTests.xctest */ = {isa = PBXFileReference; explicitFileType = wrapper.cfbundle; includeInIndex = 0; path = centerSpotTests.xctest; sourceTree = BUILT_PRODUCTS_DIR; };
		98FC97462E801AB4002B756F /* centerSpotUITests.xctest */ = {isa = PBXFileReference; explicitFileType = wrapper.cfbundle; includeInIndex = 0; path = centerSpotUITests.xctest; sourceTree = BUILT_PRODUCTS_DIR; };
		98FC979B2E801F5B002B756F /* Launch Screen.storyboard */ = {isa = PBXFileReference; lastKnownFileType = file.storyboard; path = "Launch Screen.storyboard"; sourceTree = "<group>"; };
/* End PBXFileReference section */

/* Begin PBXFileSystemSynchronizedBuildFileExceptionSet section */
		9808E6762E803141006B4914 /* Exceptions for "centerSpot" folder in "centerSpotTests" target */ = {
			isa = PBXFileSystemSynchronizedBuildFileExceptionSet;
			membershipExceptions = (
				Models/DataContainer.swift,
				Models/PlayerContainer.swift,
				"Resources/D-DIN-Bold.otf",
				"Resources/D-DIN-Italic.otf",
				"Resources/D-DIN.otf",
				"Resources/D-DINCondensed-Bold.otf",
				"Resources/D-DINCondensed.otf",
				"Resources/D-DINExp-Bold.otf",
				"Resources/D-DINExp-Italic.otf",
				"Resources/D-DINExp.otf",
				Resources/Highlights.mp4,
				Views/MatchView/MatchView.swift,
				Views/MatchView/MatchViewModel.swift,
			);
			target = 98FC973B2E801AB4002B756F /* centerSpotTests */;
		};
		9808E6772E803141006B4914 /* Exceptions for "centerSpot" folder in "centerSpotUITests" target */ = {
			isa = PBXFileSystemSynchronizedBuildFileExceptionSet;
			membershipExceptions = (
				Models/DataContainer.swift,
				Models/PlayerContainer.swift,
				"Resources/D-DIN-Bold.otf",
				"Resources/D-DIN-Italic.otf",
				"Resources/D-DIN.otf",
				"Resources/D-DINCondensed-Bold.otf",
				"Resources/D-DINCondensed.otf",
				"Resources/D-DINExp-Bold.otf",
				"Resources/D-DINExp-Italic.otf",
				"Resources/D-DINExp.otf",
				Resources/Highlights.mp4,
				Views/MatchView/MatchView.swift,
				Views/MatchView/MatchViewModel.swift,
				Views/ReusedViews/AppSystemImportFileInput.swift,
				Views/ReusedViews/CollapsableContainerView.swift,
				Views/ReusedViews/CollapsableItemView.swift,
				Views/ReusedViews/DateFormItemView.swift,
				Views/ReusedViews/NumberFormItemView.swift,
				Views/ReusedViews/TextFormItemView.swift,
			);
			target = 98FC97452E801AB4002B756F /* centerSpotUITests */;
		};
		9850629B2E8DB8DC005DFE73 /* Exceptions for "centerSpot" folder in "centerSpot" target */ = {
			isa = PBXFileSystemSynchronizedBuildFileExceptionSet;
			membershipExceptions = (
				Resources/centerSpot.plist,
			);
			target = 98FC97282E801AB2002B756F /* centerSpot */;
		};
/* End PBXFileSystemSynchronizedBuildFileExceptionSet section */

/* Begin PBXFileSystemSynchronizedRootGroup section */
		98FC972B2E801AB2002B756F /* centerSpot */ = {
			isa = PBXFileSystemSynchronizedRootGroup;
			exceptions = (
				9850629B2E8DB8DC005DFE73 /* Exceptions for "centerSpot" folder in "centerSpot" target */,
				9808E6762E803141006B4914 /* Exceptions for "centerSpot" folder in "centerSpotTests" target */,
				9808E6772E803141006B4914 /* Exceptions for "centerSpot" folder in "centerSpotUITests" target */,
			);
			path = centerSpot;
			sourceTree = "<group>";
		};
		98FC973F2E801AB4002B756F /* centerSpotTests */ = {
			isa = PBXFileSystemSynchronizedRootGroup;
			path = centerSpotTests;
			sourceTree = "<group>";
		};
		98FC97492E801AB4002B756F /* centerSpotUITests */ = {
			isa = PBXFileSystemSynchronizedRootGroup;
			path = centerSpotUITests;
			sourceTree = "<group>";
		};
/* End PBXFileSystemSynchronizedRootGroup section */

/* Begin PBXFrameworksBuildPhase section */
		98FC97262E801AB2002B756F /* Frameworks */ = {
			isa = PBXFrameworksBuildPhase;
			buildActionMask = 2147483647;
			files = (
			);
			runOnlyForDeploymentPostprocessing = 0;
		};
		98FC97392E801AB4002B756F /* Frameworks */ = {
			isa = PBXFrameworksBuildPhase;
			buildActionMask = 2147483647;
			files = (
			);
			runOnlyForDeploymentPostprocessing = 0;
		};
		98FC97432E801AB4002B756F /* Frameworks */ = {
			isa = PBXFrameworksBuildPhase;
			buildActionMask = 2147483647;
			files = (
			);
			runOnlyForDeploymentPostprocessing = 0;
		};
/* End PBXFrameworksBuildPhase section */

/* Begin PBXGroup section */
		985062D92E901742005DFE73 /* Frameworks */ = {
			isa = PBXGroup;
			children = (
			);
			name = Frameworks;
			sourceTree = "<group>";
		};
		98FC97202E801AB2002B756F = {
			isa = PBXGroup;
			children = (
				98FC979B2E801F5B002B756F /* Launch Screen.storyboard */,
				98FC972B2E801AB2002B756F /* centerSpot */,
				98FC973F2E801AB4002B756F /* centerSpotTests */,
				98FC97492E801AB4002B756F /* centerSpotUITests */,
				985062D92E901742005DFE73 /* Frameworks */,
				98FC972A2E801AB2002B756F /* Products */,
			);
			sourceTree = "<group>";
		};
		98FC972A2E801AB2002B756F /* Products */ = {
			isa = PBXGroup;
			children = (
				98FC97292E801AB2002B756F /* centerSpot.app */,
				98FC973C2E801AB4002B756F /* centerSpotTests.xctest */,
				98FC97462E801AB4002B756F /* centerSpotUITests.xctest */,
			);
			name = Products;
			sourceTree = "<group>";
		};
/* End PBXGroup section */

/* Begin PBXNativeTarget section */
		98FC97282E801AB2002B756F /* centerSpot */ = {
			isa = PBXNativeTarget;
			buildConfigurationList = 98FC97502E801AB4002B756F /* Build configuration list for PBXNativeTarget "centerSpot" */;
			buildPhases = (
				98FC97252E801AB2002B756F /* Sources */,
				98FC97262E801AB2002B756F /* Frameworks */,
				98FC97272E801AB2002B756F /* Resources */,
			);
			buildRules = (
			);
			dependencies = (
				9808E6BB2E80406D006B4914 /* PBXTargetDependency */,
			);
			fileSystemSynchronizedGroups = (
				98FC972B2E801AB2002B756F /* centerSpot */,
			);
			name = centerSpot;
			packageProductDependencies = (
			);
			productName = centerSpot;
			productReference = 98FC97292E801AB2002B756F /* centerSpot.app */;
			productType = "com.apple.product-type.application";
		};
		98FC973B2E801AB4002B756F /* centerSpotTests */ = {
			isa = PBXNativeTarget;
			buildConfigurationList = 98FC97532E801AB4002B756F /* Build configuration list for PBXNativeTarget "centerSpotTests" */;
			buildPhases = (
				98FC97382E801AB4002B756F /* Sources */,
				98FC97392E801AB4002B756F /* Frameworks */,
				98FC973A2E801AB4002B756F /* Resources */,
			);
			buildRules = (
			);
			dependencies = (
				98FC973E2E801AB4002B756F /* PBXTargetDependency */,
			);
			fileSystemSynchronizedGroups = (
				98FC973F2E801AB4002B756F /* centerSpotTests */,
			);
			name = centerSpotTests;
			packageProductDependencies = (
			);
			productName = centerSpotTests;
			productReference = 98FC973C2E801AB4002B756F /* centerSpotTests.xctest */;
			productType = "com.apple.product-type.bundle.unit-test";
		};
		98FC97452E801AB4002B756F /* centerSpotUITests */ = {
			isa = PBXNativeTarget;
			buildConfigurationList = 98FC97562E801AB4002B756F /* Build configuration list for PBXNativeTarget "centerSpotUITests" */;
			buildPhases = (
				98FC97422E801AB4002B756F /* Sources */,
				98FC97432E801AB4002B756F /* Frameworks */,
				98FC97442E801AB4002B756F /* Resources */,
			);
			buildRules = (
			);
			dependencies = (
				98FC97482E801AB4002B756F /* PBXTargetDependency */,
			);
			fileSystemSynchronizedGroups = (
				98FC97492E801AB4002B756F /* centerSpotUITests */,
			);
			name = centerSpotUITests;
			packageProductDependencies = (
			);
			productName = centerSpotUITests;
			productReference = 98FC97462E801AB4002B756F /* centerSpotUITests.xctest */;
			productType = "com.apple.product-type.bundle.ui-testing";
		};
/* End PBXNativeTarget section */

/* Begin PBXProject section */
		98FC97212E801AB2002B756F /* Project object */ = {
			isa = PBXProject;
			attributes = {
				BuildIndependentTargetsInParallel = 1;
				LastSwiftUpdateCheck = 1640;
				LastUpgradeCheck = 1640;
				TargetAttributes = {
					98FC97282E801AB2002B756F = {
						CreatedOnToolsVersion = 16.4;
					};
					98FC973B2E801AB4002B756F = {
						CreatedOnToolsVersion = 16.4;
						TestTargetID = 98FC97282E801AB2002B756F;
					};
					98FC97452E801AB4002B756F = {
						CreatedOnToolsVersion = 16.4;
						TestTargetID = 98FC97282E801AB2002B756F;
					};
				};
			};
			buildConfigurationList = 98FC97242E801AB2002B756F /* Build configuration list for PBXProject "centerSpot" */;
			developmentRegion = en;
			hasScannedForEncodings = 0;
			knownRegions = (
				en,
				Base,
			);
			mainGroup = 98FC97202E801AB2002B756F;
			minimizedProjectReferenceProxies = 1;
			packageReferences = (
				9808E6B92E804027006B4914 /* XCRemoteSwiftPackageReference "SwiftLintPlugins" */,
			);
			preferredProjectObjectVersion = 77;
			productRefGroup = 98FC972A2E801AB2002B756F /* Products */;
			projectDirPath = "";
			projectRoot = "";
			targets = (
				98FC97282E801AB2002B756F /* centerSpot */,
				98FC973B2E801AB4002B756F /* centerSpotTests */,
				98FC97452E801AB4002B756F /* centerSpotUITests */,
			);
		};
/* End PBXProject section */

/* Begin PBXResourcesBuildPhase section */
		98FC97272E801AB2002B756F /* Resources */ = {
			isa = PBXResourcesBuildPhase;
			buildActionMask = 2147483647;
			files = (
				98FC979C2E801F5B002B756F /* Launch Screen.storyboard in Resources */,
			);
			runOnlyForDeploymentPostprocessing = 0;
		};
		98FC973A2E801AB4002B756F /* Resources */ = {
			isa = PBXResourcesBuildPhase;
			buildActionMask = 2147483647;
			files = (
			);
			runOnlyForDeploymentPostprocessing = 0;
		};
		98FC97442E801AB4002B756F /* Resources */ = {
			isa = PBXResourcesBuildPhase;
			buildActionMask = 2147483647;
			files = (
			);
			runOnlyForDeploymentPostprocessing = 0;
		};
/* End PBXResourcesBuildPhase section */

/* Begin PBXSourcesBuildPhase section */
		98FC97252E801AB2002B756F /* Sources */ = {
			isa = PBXSourcesBuildPhase;
			buildActionMask = 2147483647;
			files = (
			);
			runOnlyForDeploymentPostprocessing = 0;
		};
		98FC97382E801AB4002B756F /* Sources */ = {
			isa = PBXSourcesBuildPhase;
			buildActionMask = 2147483647;
			files = (
			);
			runOnlyForDeploymentPostprocessing = 0;
		};
		98FC97422E801AB4002B756F /* Sources */ = {
			isa = PBXSourcesBuildPhase;
			buildActionMask = 2147483647;
			files = (
			);
			runOnlyForDeploymentPostprocessing = 0;
		};
/* End PBXSourcesBuildPhase section */

/* Begin PBXTargetDependency section */
		9808E6BB2E80406D006B4914 /* PBXTargetDependency */ = {
			isa = PBXTargetDependency;
			productRef = 9808E6BA2E80406D006B4914 /* SwiftLintBuildToolPlugin */;
		};
		98FC973E2E801AB4002B756F /* PBXTargetDependency */ = {
			isa = PBXTargetDependency;
			target = 98FC97282E801AB2002B756F /* centerSpot */;
			targetProxy = 98FC973D2E801AB4002B756F /* PBXContainerItemProxy */;
		};
		98FC97482E801AB4002B756F /* PBXTargetDependency */ = {
			isa = PBXTargetDependency;
			target = 98FC97282E801AB2002B756F /* centerSpot */;
			targetProxy = 98FC97472E801AB4002B756F /* PBXContainerItemProxy */;
		};
/* End PBXTargetDependency section */

/* Begin XCBuildConfiguration section */
		98FC974E2E801AB4002B756F /* Debug */ = {
			isa = XCBuildConfiguration;
			buildSettings = {
				ALWAYS_SEARCH_USER_PATHS = NO;
				ASSETCATALOG_COMPILER_GENERATE_SWIFT_ASSET_SYMBOL_EXTENSIONS = YES;
				CLANG_ANALYZER_NONNULL = YES;
				CLANG_ANALYZER_NUMBER_OBJECT_CONVERSION = YES_AGGRESSIVE;
				CLANG_CXX_LANGUAGE_STANDARD = "gnu++20";
				CLANG_ENABLE_MODULES = YES;
				CLANG_ENABLE_OBJC_ARC = YES;
				CLANG_ENABLE_OBJC_WEAK = YES;
				CLANG_WARN_BLOCK_CAPTURE_AUTORELEASING = YES;
				CLANG_WARN_BOOL_CONVERSION = YES;
				CLANG_WARN_COMMA = YES;
				CLANG_WARN_CONSTANT_CONVERSION = YES;
				CLANG_WARN_DEPRECATED_OBJC_IMPLEMENTATIONS = YES;
				CLANG_WARN_DIRECT_OBJC_ISA_USAGE = YES_ERROR;
				CLANG_WARN_DOCUMENTATION_COMMENTS = YES;
				CLANG_WARN_EMPTY_BODY = YES;
				CLANG_WARN_ENUM_CONVERSION = YES;
				CLANG_WARN_INFINITE_RECURSION = YES;
				CLANG_WARN_INT_CONVERSION = YES;
				CLANG_WARN_NON_LITERAL_NULL_CONVERSION = YES;
				CLANG_WARN_OBJC_IMPLICIT_RETAIN_SELF = YES;
				CLANG_WARN_OBJC_LITERAL_CONVERSION = YES;
				CLANG_WARN_OBJC_ROOT_CLASS = YES_ERROR;
				CLANG_WARN_QUOTED_INCLUDE_IN_FRAMEWORK_HEADER = YES;
				CLANG_WARN_RANGE_LOOP_ANALYSIS = YES;
				CLANG_WARN_STRICT_PROTOTYPES = YES;
				CLANG_WARN_SUSPICIOUS_MOVE = YES;
				CLANG_WARN_UNGUARDED_AVAILABILITY = YES_AGGRESSIVE;
				CLANG_WARN_UNREACHABLE_CODE = YES;
				CLANG_WARN__DUPLICATE_METHOD_MATCH = YES;
				COPY_PHASE_STRIP = NO;
				DEBUG_INFORMATION_FORMAT = dwarf;
				DEVELOPMENT_TEAM = HXGGE8M769;
				ENABLE_STRICT_OBJC_MSGSEND = YES;
				ENABLE_TESTABILITY = YES;
				ENABLE_USER_SCRIPT_SANDBOXING = YES;
				GCC_C_LANGUAGE_STANDARD = gnu17;
				GCC_DYNAMIC_NO_PIC = NO;
				GCC_NO_COMMON_BLOCKS = YES;
				GCC_OPTIMIZATION_LEVEL = 0;
				GCC_PREPROCESSOR_DEFINITIONS = (
					"DEBUG=1",
					"$(inherited)",
				);
				GCC_WARN_64_TO_32_BIT_CONVERSION = YES;
				GCC_WARN_ABOUT_RETURN_TYPE = YES_ERROR;
				GCC_WARN_UNDECLARED_SELECTOR = YES;
				GCC_WARN_UNINITIALIZED_AUTOS = YES_AGGRESSIVE;
				GCC_WARN_UNUSED_FUNCTION = YES;
				GCC_WARN_UNUSED_VARIABLE = YES;
				LOCALIZATION_PREFERS_STRING_CATALOGS = YES;
				MTL_ENABLE_DEBUG_INFO = INCLUDE_SOURCE;
				MTL_FAST_MATH = YES;
				ONLY_ACTIVE_ARCH = YES;
				SWIFT_ACTIVE_COMPILATION_CONDITIONS = "DEBUG $(inherited)";
				SWIFT_OPTIMIZATION_LEVEL = "-Onone";
			};
			name = Debug;
		};
		98FC974F2E801AB4002B756F /* Release */ = {
			isa = XCBuildConfiguration;
			buildSettings = {
				ALWAYS_SEARCH_USER_PATHS = NO;
				ASSETCATALOG_COMPILER_GENERATE_SWIFT_ASSET_SYMBOL_EXTENSIONS = YES;
				CLANG_ANALYZER_NONNULL = YES;
				CLANG_ANALYZER_NUMBER_OBJECT_CONVERSION = YES_AGGRESSIVE;
				CLANG_CXX_LANGUAGE_STANDARD = "gnu++20";
				CLANG_ENABLE_MODULES = YES;
				CLANG_ENABLE_OBJC_ARC = YES;
				CLANG_ENABLE_OBJC_WEAK = YES;
				CLANG_WARN_BLOCK_CAPTURE_AUTORELEASING = YES;
				CLANG_WARN_BOOL_CONVERSION = YES;
				CLANG_WARN_COMMA = YES;
				CLANG_WARN_CONSTANT_CONVERSION = YES;
				CLANG_WARN_DEPRECATED_OBJC_IMPLEMENTATIONS = YES;
				CLANG_WARN_DIRECT_OBJC_ISA_USAGE = YES_ERROR;
				CLANG_WARN_DOCUMENTATION_COMMENTS = YES;
				CLANG_WARN_EMPTY_BODY = YES;
				CLANG_WARN_ENUM_CONVERSION = YES;
				CLANG_WARN_INFINITE_RECURSION = YES;
				CLANG_WARN_INT_CONVERSION = YES;
				CLANG_WARN_NON_LITERAL_NULL_CONVERSION = YES;
				CLANG_WARN_OBJC_IMPLICIT_RETAIN_SELF = YES;
				CLANG_WARN_OBJC_LITERAL_CONVERSION = YES;
				CLANG_WARN_OBJC_ROOT_CLASS = YES_ERROR;
				CLANG_WARN_QUOTED_INCLUDE_IN_FRAMEWORK_HEADER = YES;
				CLANG_WARN_RANGE_LOOP_ANALYSIS = YES;
				CLANG_WARN_STRICT_PROTOTYPES = YES;
				CLANG_WARN_SUSPICIOUS_MOVE = YES;
				CLANG_WARN_UNGUARDED_AVAILABILITY = YES_AGGRESSIVE;
				CLANG_WARN_UNREACHABLE_CODE = YES;
				CLANG_WARN__DUPLICATE_METHOD_MATCH = YES;
				COPY_PHASE_STRIP = NO;
				DEBUG_INFORMATION_FORMAT = "dwarf-with-dsym";
				DEVELOPMENT_TEAM = HXGGE8M769;
				ENABLE_NS_ASSERTIONS = NO;
				ENABLE_STRICT_OBJC_MSGSEND = YES;
				ENABLE_USER_SCRIPT_SANDBOXING = YES;
				GCC_C_LANGUAGE_STANDARD = gnu17;
				GCC_NO_COMMON_BLOCKS = YES;
				GCC_WARN_64_TO_32_BIT_CONVERSION = YES;
				GCC_WARN_ABOUT_RETURN_TYPE = YES_ERROR;
				GCC_WARN_UNDECLARED_SELECTOR = YES;
				GCC_WARN_UNINITIALIZED_AUTOS = YES_AGGRESSIVE;
				GCC_WARN_UNUSED_FUNCTION = YES;
				GCC_WARN_UNUSED_VARIABLE = YES;
				LOCALIZATION_PREFERS_STRING_CATALOGS = YES;
				MTL_ENABLE_DEBUG_INFO = NO;
				MTL_FAST_MATH = YES;
				SWIFT_COMPILATION_MODE = wholemodule;
			};
			name = Release;
		};
		98FC97512E801AB4002B756F /* Debug */ = {
			isa = XCBuildConfiguration;
			buildSettings = {
				ASSETCATALOG_COMPILER_APPICON_NAME = AppIcon;
				ASSETCATALOG_COMPILER_GLOBAL_ACCENT_COLOR_NAME = AccentColor;
				CODE_SIGN_ENTITLEMENTS = centerSpot/Resources/centerSpot.entitlements;
				CODE_SIGN_STYLE = Automatic;
				CURRENT_PROJECT_VERSION = 1;
				DEVELOPMENT_TEAM = HXGGE8M769;
				ENABLE_HARDENED_RUNTIME = YES;
				ENABLE_PREVIEWS = YES;
				GENERATE_INFOPLIST_FILE = NO;
				INFOPLIST_FILE = centerSpot/Resources/centerSpot.plist;
				"INFOPLIST_KEY_UIApplicationSceneManifest_Generation[sdk=iphoneos*]" = YES;
				"INFOPLIST_KEY_UIApplicationSceneManifest_Generation[sdk=iphonesimulator*]" = YES;
				"INFOPLIST_KEY_UIApplicationSupportsIndirectInputEvents[sdk=iphoneos*]" = YES;
				"INFOPLIST_KEY_UIApplicationSupportsIndirectInputEvents[sdk=iphonesimulator*]" = YES;
				INFOPLIST_KEY_UILaunchScreen_Generation = NO;
				"INFOPLIST_KEY_UILaunchScreen_Generation[sdk=iphoneos*]" = YES;
				"INFOPLIST_KEY_UILaunchScreen_Generation[sdk=iphonesimulator*]" = YES;
				INFOPLIST_KEY_UILaunchStoryboardName = "Launch Screen";
				"INFOPLIST_KEY_UIStatusBarStyle[sdk=iphoneos*]" = UIStatusBarStyleDefault;
				"INFOPLIST_KEY_UIStatusBarStyle[sdk=iphonesimulator*]" = UIStatusBarStyleDefault;
				INFOPLIST_KEY_UISupportedInterfaceOrientations_iPad = "UIInterfaceOrientationPortrait UIInterfaceOrientationPortraitUpsideDown UIInterfaceOrientationLandscapeLeft UIInterfaceOrientationLandscapeRight";
				INFOPLIST_KEY_UISupportedInterfaceOrientations_iPhone = "UIInterfaceOrientationPortrait UIInterfaceOrientationLandscapeLeft UIInterfaceOrientationLandscapeRight";
				IPHONEOS_DEPLOYMENT_TARGET = 18.5;
				LD_RUNPATH_SEARCH_PATHS = "@executable_path/Frameworks";
				"LD_RUNPATH_SEARCH_PATHS[sdk=macosx*]" = "@executable_path/../Frameworks";
				MACOSX_DEPLOYMENT_TARGET = 15.5;
				MARKETING_VERSION = 1.0;
				PRODUCT_BUNDLE_IDENTIFIER = com.leoStudies.centerSpot;
				PRODUCT_NAME = "$(TARGET_NAME)";
				REGISTER_APP_GROUPS = YES;
				SDKROOT = auto;
				SUPPORTED_PLATFORMS = "iphoneos iphonesimulator macosx xros xrsimulator";
				SWIFT_EMIT_LOC_STRINGS = YES;
				SWIFT_VERSION = 5.0;
				TARGETED_DEVICE_FAMILY = "1,2,7";
				XROS_DEPLOYMENT_TARGET = 2.5;
			};
			name = Debug;
		};
		98FC97522E801AB4002B756F /* Release */ = {
			isa = XCBuildConfiguration;
			buildSettings = {
				ASSETCATALOG_COMPILER_APPICON_NAME = AppIcon;
				ASSETCATALOG_COMPILER_GLOBAL_ACCENT_COLOR_NAME = AccentColor;
				CODE_SIGN_ENTITLEMENTS = centerSpot/Resources/centerSpot.entitlements;
				CODE_SIGN_STYLE = Automatic;
				CURRENT_PROJECT_VERSION = 1;
				DEVELOPMENT_TEAM = HXGGE8M769;
				ENABLE_HARDENED_RUNTIME = YES;
				ENABLE_PREVIEWS = YES;
				GENERATE_INFOPLIST_FILE = NO;
				INFOPLIST_FILE = centerSpot/Resources/centerSpot.plist;
				"INFOPLIST_KEY_UIApplicationSceneManifest_Generation[sdk=iphoneos*]" = YES;
				"INFOPLIST_KEY_UIApplicationSceneManifest_Generation[sdk=iphonesimulator*]" = YES;
				"INFOPLIST_KEY_UIApplicationSupportsIndirectInputEvents[sdk=iphoneos*]" = YES;
				"INFOPLIST_KEY_UIApplicationSupportsIndirectInputEvents[sdk=iphonesimulator*]" = YES;
				INFOPLIST_KEY_UILaunchScreen_Generation = NO;
				"INFOPLIST_KEY_UILaunchScreen_Generation[sdk=iphoneos*]" = YES;
				"INFOPLIST_KEY_UILaunchScreen_Generation[sdk=iphonesimulator*]" = YES;
				INFOPLIST_KEY_UILaunchStoryboardName = "Launch Screen";
				"INFOPLIST_KEY_UIStatusBarStyle[sdk=iphoneos*]" = UIStatusBarStyleDefault;
				"INFOPLIST_KEY_UIStatusBarStyle[sdk=iphonesimulator*]" = UIStatusBarStyleDefault;
				INFOPLIST_KEY_UISupportedInterfaceOrientations_iPad = "UIInterfaceOrientationPortrait UIInterfaceOrientationPortraitUpsideDown UIInterfaceOrientationLandscapeLeft UIInterfaceOrientationLandscapeRight";
				INFOPLIST_KEY_UISupportedInterfaceOrientations_iPhone = "UIInterfaceOrientationPortrait UIInterfaceOrientationLandscapeLeft UIInterfaceOrientationLandscapeRight";
				IPHONEOS_DEPLOYMENT_TARGET = 18.5;
				LD_RUNPATH_SEARCH_PATHS = "@executable_path/Frameworks";
				"LD_RUNPATH_SEARCH_PATHS[sdk=macosx*]" = "@executable_path/../Frameworks";
				MACOSX_DEPLOYMENT_TARGET = 15.5;
				MARKETING_VERSION = 1.0;
				PRODUCT_BUNDLE_IDENTIFIER = com.leoStudies.centerSpot;
				PRODUCT_NAME = "$(TARGET_NAME)";
				REGISTER_APP_GROUPS = YES;
				SDKROOT = auto;
				SUPPORTED_PLATFORMS = "iphoneos iphonesimulator macosx xros xrsimulator";
				SWIFT_EMIT_LOC_STRINGS = YES;
				SWIFT_VERSION = 5.0;
				TARGETED_DEVICE_FAMILY = "1,2,7";
				XROS_DEPLOYMENT_TARGET = 2.5;
			};
			name = Release;
		};
		98FC97542E801AB4002B756F /* Debug */ = {
			isa = XCBuildConfiguration;
			buildSettings = {
				BUNDLE_LOADER = "$(TEST_HOST)";
				CODE_SIGN_STYLE = Automatic;
				CURRENT_PROJECT_VERSION = 1;
				DEVELOPMENT_TEAM = HXGGE8M769;
				GENERATE_INFOPLIST_FILE = YES;
				IPHONEOS_DEPLOYMENT_TARGET = 18.5;
				MACOSX_DEPLOYMENT_TARGET = 15.5;
				MARKETING_VERSION = 1.0;
				PRODUCT_BUNDLE_IDENTIFIER = com.leoStudies.centerSpotTests;
				PRODUCT_NAME = "$(TARGET_NAME)";
				SDKROOT = auto;
				SUPPORTED_PLATFORMS = "iphoneos iphonesimulator macosx xros xrsimulator";
				SWIFT_EMIT_LOC_STRINGS = NO;
				SWIFT_VERSION = 5.0;
				TARGETED_DEVICE_FAMILY = "1,2,7";
				TEST_HOST = "$(BUILT_PRODUCTS_DIR)/centerSpot.app/$(BUNDLE_EXECUTABLE_FOLDER_PATH)/centerSpot";
				XROS_DEPLOYMENT_TARGET = 2.5;
			};
			name = Debug;
		};
		98FC97552E801AB4002B756F /* Release */ = {
			isa = XCBuildConfiguration;
			buildSettings = {
				BUNDLE_LOADER = "$(TEST_HOST)";
				CODE_SIGN_STYLE = Automatic;
				CURRENT_PROJECT_VERSION = 1;
				DEVELOPMENT_TEAM = HXGGE8M769;
				GENERATE_INFOPLIST_FILE = YES;
				IPHONEOS_DEPLOYMENT_TARGET = 18.5;
				MACOSX_DEPLOYMENT_TARGET = 15.5;
				MARKETING_VERSION = 1.0;
				PRODUCT_BUNDLE_IDENTIFIER = com.leoStudies.centerSpotTests;
				PRODUCT_NAME = "$(TARGET_NAME)";
				SDKROOT = auto;
				SUPPORTED_PLATFORMS = "iphoneos iphonesimulator macosx xros xrsimulator";
				SWIFT_EMIT_LOC_STRINGS = NO;
				SWIFT_VERSION = 5.0;
				TARGETED_DEVICE_FAMILY = "1,2,7";
				TEST_HOST = "$(BUILT_PRODUCTS_DIR)/centerSpot.app/$(BUNDLE_EXECUTABLE_FOLDER_PATH)/centerSpot";
				XROS_DEPLOYMENT_TARGET = 2.5;
			};
			name = Release;
		};
		98FC97572E801AB4002B756F /* Debug */ = {
			isa = XCBuildConfiguration;
			buildSettings = {
				CODE_SIGN_STYLE = Automatic;
				CURRENT_PROJECT_VERSION = 1;
				DEVELOPMENT_TEAM = HXGGE8M769;
				GENERATE_INFOPLIST_FILE = YES;
				IPHONEOS_DEPLOYMENT_TARGET = 18.5;
				MACOSX_DEPLOYMENT_TARGET = 15.5;
				MARKETING_VERSION = 1.0;
				PRODUCT_BUNDLE_IDENTIFIER = com.leoStudies.centerSpotUITests;
				PRODUCT_NAME = "$(TARGET_NAME)";
				SDKROOT = auto;
				SUPPORTED_PLATFORMS = "iphoneos iphonesimulator macosx xros xrsimulator";
				SWIFT_EMIT_LOC_STRINGS = NO;
				SWIFT_VERSION = 5.0;
				TARGETED_DEVICE_FAMILY = "1,2,7";
				TEST_TARGET_NAME = centerSpot;
				XROS_DEPLOYMENT_TARGET = 2.5;
			};
			name = Debug;
		};
		98FC97582E801AB4002B756F /* Release */ = {
			isa = XCBuildConfiguration;
			buildSettings = {
				CODE_SIGN_STYLE = Automatic;
				CURRENT_PROJECT_VERSION = 1;
				DEVELOPMENT_TEAM = HXGGE8M769;
				GENERATE_INFOPLIST_FILE = YES;
				IPHONEOS_DEPLOYMENT_TARGET = 18.5;
				MACOSX_DEPLOYMENT_TARGET = 15.5;
				MARKETING_VERSION = 1.0;
				PRODUCT_BUNDLE_IDENTIFIER = com.leoStudies.centerSpotUITests;
				PRODUCT_NAME = "$(TARGET_NAME)";
				SDKROOT = auto;
				SUPPORTED_PLATFORMS = "iphoneos iphonesimulator macosx xros xrsimulator";
				SWIFT_EMIT_LOC_STRINGS = NO;
				SWIFT_VERSION = 5.0;
				TARGETED_DEVICE_FAMILY = "1,2,7";
				TEST_TARGET_NAME = centerSpot;
				XROS_DEPLOYMENT_TARGET = 2.5;
			};
			name = Release;
		};
/* End XCBuildConfiguration section */

/* Begin XCConfigurationList section */
		98FC97242E801AB2002B756F /* Build configuration list for PBXProject "centerSpot" */ = {
			isa = XCConfigurationList;
			buildConfigurations = (
				98FC974E2E801AB4002B756F /* Debug */,
				98FC974F2E801AB4002B756F /* Release */,
			);
			defaultConfigurationIsVisible = 0;
			defaultConfigurationName = Release;
		};
		98FC97502E801AB4002B756F /* Build configuration list for PBXNativeTarget "centerSpot" */ = {
			isa = XCConfigurationList;
			buildConfigurations = (
				98FC97512E801AB4002B756F /* Debug */,
				98FC97522E801AB4002B756F /* Release */,
			);
			defaultConfigurationIsVisible = 0;
			defaultConfigurationName = Release;
		};
		98FC97532E801AB4002B756F /* Build configuration list for PBXNativeTarget "centerSpotTests" */ = {
			isa = XCConfigurationList;
			buildConfigurations = (
				98FC97542E801AB4002B756F /* Debug */,
				98FC97552E801AB4002B756F /* Release */,
			);
			defaultConfigurationIsVisible = 0;
			defaultConfigurationName = Release;
		};
		98FC97562E801AB4002B756F /* Build configuration list for PBXNativeTarget "centerSpotUITests" */ = {
			isa = XCConfigurationList;
			buildConfigurations = (
				98FC97572E801AB4002B756F /* Debug */,
				98FC97582E801AB4002B756F /* Release */,
			);
			defaultConfigurationIsVisible = 0;
			defaultConfigurationName = Release;
		};
/* End XCConfigurationList section */

/* Begin XCRemoteSwiftPackageReference section */
		9808E6B92E804027006B4914 /* XCRemoteSwiftPackageReference "SwiftLintPlugins" */ = {
			isa = XCRemoteSwiftPackageReference;
			repositoryURL = "https://github.com/SimplyDanny/SwiftLintPlugins";
			requirement = {
				kind = upToNextMajorVersion;
				minimumVersion = 0.61.0;
			};
		};
/* End XCRemoteSwiftPackageReference section */

/* Begin XCSwiftPackageProductDependency section */
		9808E6BA2E80406D006B4914 /* SwiftLintBuildToolPlugin */ = {
			isa = XCSwiftPackageProductDependency;
			package = 9808E6B92E804027006B4914 /* XCRemoteSwiftPackageReference "SwiftLintPlugins" */;
			productName = "plugin:SwiftLintBuildToolPlugin";
		};
/* End XCSwiftPackageProductDependency section */
	};
	rootObject = 98FC97212E801AB2002B756F /* Project object */;
}
